// !$*UTF8*$!
{
	archiveVersion = 1;
	classes = {
	};
	objectVersion = 46;
	objects = {

/* Begin PBXBuildFile section */
		AD335D431C23E38F00F16F24 /* AVFoundation.framework in Frameworks */ = {isa = PBXBuildFile; fileRef = AD335D421C23E38F00F16F24 /* AVFoundation.framework */; };
		AD335D8C1C23E61D00F16F24 /* CCUploadFile.m in Sources */ = {isa = PBXBuildFile; fileRef = AD335D871C23E61D00F16F24 /* CCUploadFile.m */; };
		AD335D8D1C23E61D00F16F24 /* JSONKit.m in Sources */ = {isa = PBXBuildFile; fileRef = AD335D891C23E61D00F16F24 /* JSONKit.m */; settings = {COMPILER_FLAGS = "-fno-objc-arc"; }; };
		AD335D8E1C23E61D00F16F24 /* UIAlertView+Kirinrin.m in Sources */ = {isa = PBXBuildFile; fileRef = AD335D8B1C23E61D00F16F24 /* UIAlertView+Kirinrin.m */; };
		AD335D911C23E68F00F16F24 /* NSString+Validate.m in Sources */ = {isa = PBXBuildFile; fileRef = AD335D901C23E68F00F16F24 /* NSString+Validate.m */; };
		AD335DA61C23E9EF00F16F24 /* CCRequest.m in Sources */ = {isa = PBXBuildFile; fileRef = AD335DA51C23E9EF00F16F24 /* CCRequest.m */; };
		AD335DA91C23EE8700F16F24 /* CCUser.m in Sources */ = {isa = PBXBuildFile; fileRef = AD335DA81C23EE8700F16F24 /* CCUser.m */; };
		AD335DAC1C23EF1600F16F24 /* CCCommunity.m in Sources */ = {isa = PBXBuildFile; fileRef = AD335DAB1C23EF1600F16F24 /* CCCommunity.m */; };
		AD5D42CB1C5616FD006E1181 /* SystemConfiguration.framework in Frameworks */ = {isa = PBXBuildFile; fileRef = AD5D42CA1C5616FD006E1181 /* SystemConfiguration.framework */; };
		AD5D42CD1C561709006E1181 /* CoreTelephony.framework in Frameworks */ = {isa = PBXBuildFile; fileRef = AD5D42CC1C561709006E1181 /* CoreTelephony.framework */; };
		AD5D42CF1C561714006E1181 /* QuartzCore.framework in Frameworks */ = {isa = PBXBuildFile; fileRef = AD5D42CE1C561714006E1181 /* QuartzCore.framework */; };
		AD5D42D11C56171E006E1181 /* CoreText.framework in Frameworks */ = {isa = PBXBuildFile; fileRef = AD5D42D01C56171E006E1181 /* CoreText.framework */; };
		AD5D42D31C561727006E1181 /* CoreGraphics.framework in Frameworks */ = {isa = PBXBuildFile; fileRef = AD5D42D21C561727006E1181 /* CoreGraphics.framework */; };
		AD5D42D51C56172F006E1181 /* UIKit.framework in Frameworks */ = {isa = PBXBuildFile; fileRef = AD5D42D41C56172F006E1181 /* UIKit.framework */; };
		AD5D42D71C561738006E1181 /* Foundation.framework in Frameworks */ = {isa = PBXBuildFile; fileRef = AD5D42D61C561738006E1181 /* Foundation.framework */; };
		AD710D6B1C5306F200349602 /* ScanningViewController.m in Sources */ = {isa = PBXBuildFile; fileRef = AD710D6A1C5306F200349602 /* ScanningViewController.m */; };
		AD710D711C530A0D00349602 /* scanLine@2x.png in Resources */ = {isa = PBXBuildFile; fileRef = AD710D6C1C530A0D00349602 /* scanLine@2x.png */; };
		AD710D721C530A0D00349602 /* scanLine@3x.png in Resources */ = {isa = PBXBuildFile; fileRef = AD710D6D1C530A0D00349602 /* scanLine@3x.png */; };
		AD710D731C530A0D00349602 /* scanscanBg.png in Resources */ = {isa = PBXBuildFile; fileRef = AD710D6E1C530A0D00349602 /* scanscanBg.png */; };
		AD710D741C530A0D00349602 /* tip.png in Resources */ = {isa = PBXBuildFile; fileRef = AD710D6F1C530A0D00349602 /* tip.png */; };
		AD710D751C530A0D00349602 /* tip@2x.png in Resources */ = {isa = PBXBuildFile; fileRef = AD710D701C530A0D00349602 /* tip@2x.png */; };
		AD7D683E1C1EB70600528861 /* main.m in Sources */ = {isa = PBXBuildFile; fileRef = AD7D683D1C1EB70600528861 /* main.m */; };
		AD7D68411C1EB70600528861 /* AppDelegate.m in Sources */ = {isa = PBXBuildFile; fileRef = AD7D68401C1EB70600528861 /* AppDelegate.m */; };
		AD7D68441C1EB70600528861 /* ViewController.m in Sources */ = {isa = PBXBuildFile; fileRef = AD7D68431C1EB70600528861 /* ViewController.m */; };
		AD7D68471C1EB70600528861 /* Main.storyboard in Resources */ = {isa = PBXBuildFile; fileRef = AD7D68451C1EB70600528861 /* Main.storyboard */; };
		AD7D684C1C1EB70600528861 /* LaunchScreen.storyboard in Resources */ = {isa = PBXBuildFile; fileRef = AD7D684A1C1EB70600528861 /* LaunchScreen.storyboard */; };
		AD7D68711C1EB84200528861 /* MainTabViewController.m in Sources */ = {isa = PBXBuildFile; fileRef = AD7D68701C1EB84200528861 /* MainTabViewController.m */; };
		AD7D68741C1EB94000528861 /* LYTableBar.m in Sources */ = {isa = PBXBuildFile; fileRef = AD7D68731C1EB94000528861 /* LYTableBar.m */; };
		AD7D68771C1EB9F800528861 /* LYTableButton.m in Sources */ = {isa = PBXBuildFile; fileRef = AD7D68761C1EB9F800528861 /* LYTableButton.m */; };
		AD7D687D1C1ED06400528861 /* MainPageVC.m in Sources */ = {isa = PBXBuildFile; fileRef = AD7D687C1C1ED06400528861 /* MainPageVC.m */; };
		AD7D68801C1ED28400528861 /* LifeVC.m in Sources */ = {isa = PBXBuildFile; fileRef = AD7D687F1C1ED28400528861 /* LifeVC.m */; };
		AD8DCAAB1C2170E9004F5339 /* LeftSlideViewController.m in Sources */ = {isa = PBXBuildFile; fileRef = AD8DCA9F1C2170E9004F5339 /* LeftSlideViewController.m */; };
		AD8DCAAC1C2170E9004F5339 /* LeftSortsViewController.m in Sources */ = {isa = PBXBuildFile; fileRef = AD8DCAA11C2170E9004F5339 /* LeftSortsViewController.m */; };
		AD8DCAAD1C2170E9004F5339 /* LoginVC.m in Sources */ = {isa = PBXBuildFile; fileRef = AD8DCAA31C2170E9004F5339 /* LoginVC.m */; };
		AD8DCAAE1C2170E9004F5339 /* UIView_extra.m in Sources */ = {isa = PBXBuildFile; fileRef = AD8DCAA61C2170E9004F5339 /* UIView_extra.m */; };
		AD8DCAAF1C2170E9004F5339 /* UIView+Frame.m in Sources */ = {isa = PBXBuildFile; fileRef = AD8DCAA81C2170E9004F5339 /* UIView+Frame.m */; };
		AD8DCAB01C2170E9004F5339 /* UIView+JKPicker.m in Sources */ = {isa = PBXBuildFile; fileRef = AD8DCAAA1C2170E9004F5339 /* UIView+JKPicker.m */; };
		ADAD60511C27AF1C00EA2DFC /* AFHTTPRequestOperation.m in Sources */ = {isa = PBXBuildFile; fileRef = ADAD60221C27AF1C00EA2DFC /* AFHTTPRequestOperation.m */; };
		ADAD60521C27AF1C00EA2DFC /* AFHTTPRequestOperationManager.m in Sources */ = {isa = PBXBuildFile; fileRef = ADAD60241C27AF1C00EA2DFC /* AFHTTPRequestOperationManager.m */; };
		ADAD60531C27AF1C00EA2DFC /* AFHTTPSessionManager.m in Sources */ = {isa = PBXBuildFile; fileRef = ADAD60261C27AF1C00EA2DFC /* AFHTTPSessionManager.m */; };
		ADAD60541C27AF1C00EA2DFC /* AFNetworkReachabilityManager.m in Sources */ = {isa = PBXBuildFile; fileRef = ADAD60291C27AF1C00EA2DFC /* AFNetworkReachabilityManager.m */; };
		ADAD60551C27AF1C00EA2DFC /* AFSecurityPolicy.m in Sources */ = {isa = PBXBuildFile; fileRef = ADAD602B1C27AF1C00EA2DFC /* AFSecurityPolicy.m */; };
		ADAD60561C27AF1C00EA2DFC /* AFURLConnectionOperation.m in Sources */ = {isa = PBXBuildFile; fileRef = ADAD602D1C27AF1C00EA2DFC /* AFURLConnectionOperation.m */; };
		ADAD60571C27AF1C00EA2DFC /* AFURLRequestSerialization.m in Sources */ = {isa = PBXBuildFile; fileRef = ADAD602F1C27AF1C00EA2DFC /* AFURLRequestSerialization.m */; };
		ADAD60581C27AF1C00EA2DFC /* AFURLResponseSerialization.m in Sources */ = {isa = PBXBuildFile; fileRef = ADAD60311C27AF1C00EA2DFC /* AFURLResponseSerialization.m */; };
		ADAD60591C27AF1C00EA2DFC /* AFURLSessionManager.m in Sources */ = {isa = PBXBuildFile; fileRef = ADAD60331C27AF1C00EA2DFC /* AFURLSessionManager.m */; };
		ADAD605A1C27AF1C00EA2DFC /* ChineseInclude.m in Sources */ = {isa = PBXBuildFile; fileRef = ADAD60351C27AF1C00EA2DFC /* ChineseInclude.m */; };
		ADAD605B1C27AF1C00EA2DFC /* HanyuPinyinOutputFormat.m in Sources */ = {isa = PBXBuildFile; fileRef = ADAD60371C27AF1C00EA2DFC /* HanyuPinyinOutputFormat.m */; };
		ADAD605C1C27AF1C00EA2DFC /* KVNProgress.m in Sources */ = {isa = PBXBuildFile; fileRef = ADAD603A1C27AF1C00EA2DFC /* KVNProgress.m */; };
		ADAD605D1C27AF1C00EA2DFC /* UIImage+KVNEmpty.m in Sources */ = {isa = PBXBuildFile; fileRef = ADAD603C1C27AF1C00EA2DFC /* UIImage+KVNEmpty.m */; };
		ADAD605E1C27AF1C00EA2DFC /* UIImage+KVNImageEffects.m in Sources */ = {isa = PBXBuildFile; fileRef = ADAD603E1C27AF1C00EA2DFC /* UIImage+KVNImageEffects.m */; };
		ADAD605F1C27AF1C00EA2DFC /* AFNetworkActivityIndicatorManager.m in Sources */ = {isa = PBXBuildFile; fileRef = ADAD60411C27AF1C00EA2DFC /* AFNetworkActivityIndicatorManager.m */; };
		ADAD60601C27AF1C00EA2DFC /* UIActivityIndicatorView+AFNetworking.m in Sources */ = {isa = PBXBuildFile; fileRef = ADAD60431C27AF1C00EA2DFC /* UIActivityIndicatorView+AFNetworking.m */; };
		ADAD60611C27AF1C00EA2DFC /* UIAlertView+AFNetworking.m in Sources */ = {isa = PBXBuildFile; fileRef = ADAD60451C27AF1C00EA2DFC /* UIAlertView+AFNetworking.m */; };
		ADAD60621C27AF1C00EA2DFC /* UIButton+AFNetworking.m in Sources */ = {isa = PBXBuildFile; fileRef = ADAD60471C27AF1C00EA2DFC /* UIButton+AFNetworking.m */; };
		ADAD60631C27AF1C00EA2DFC /* UIImageView+AFNetworking.m in Sources */ = {isa = PBXBuildFile; fileRef = ADAD60491C27AF1C00EA2DFC /* UIImageView+AFNetworking.m */; };
		ADAD60641C27AF1C00EA2DFC /* UIProgressView+AFNetworking.m in Sources */ = {isa = PBXBuildFile; fileRef = ADAD604C1C27AF1C00EA2DFC /* UIProgressView+AFNetworking.m */; };
		ADAD60651C27AF1C00EA2DFC /* UIRefreshControl+AFNetworking.m in Sources */ = {isa = PBXBuildFile; fileRef = ADAD604E1C27AF1C00EA2DFC /* UIRefreshControl+AFNetworking.m */; };
		ADAD60661C27AF1C00EA2DFC /* UIWebView+AFNetworking.m in Sources */ = {isa = PBXBuildFile; fileRef = ADAD60501C27AF1C00EA2DFC /* UIWebView+AFNetworking.m */; };
		ADAD60681C27B0A100EA2DFC /* Images.xcassets in Resources */ = {isa = PBXBuildFile; fileRef = ADAD60671C27B0A100EA2DFC /* Images.xcassets */; };
/* End PBXBuildFile section */

/* Begin PBXContainerItemProxy section */
		AD7D68531C1EB70700528861 /* PBXContainerItemProxy */ = {
			isa = PBXContainerItemProxy;
			containerPortal = AD7D68311C1EB70600528861 /* Project object */;
			proxyType = 1;
			remoteGlobalIDString = AD7D68381C1EB70600528861;
			remoteInfo = "小志哥哥";
		};
		AD7D685E1C1EB70700528861 /* PBXContainerItemProxy */ = {
			isa = PBXContainerItemProxy;
			containerPortal = AD7D68311C1EB70600528861 /* Project object */;
			proxyType = 1;
			remoteGlobalIDString = AD7D68381C1EB70600528861;
			remoteInfo = "小志哥哥";
		};
/* End PBXContainerItemProxy section */

/* Begin PBXFileReference section */
		AD335D421C23E38F00F16F24 /* AVFoundation.framework */ = {isa = PBXFileReference; lastKnownFileType = wrapper.framework; name = AVFoundation.framework; path = System/Library/Frameworks/AVFoundation.framework; sourceTree = SDKROOT; };
		AD335D861C23E61D00F16F24 /* CCUploadFile.h */ = {isa = PBXFileReference; fileEncoding = 4; lastKnownFileType = sourcecode.c.h; path = CCUploadFile.h; sourceTree = "<group>"; };
		AD335D871C23E61D00F16F24 /* CCUploadFile.m */ = {isa = PBXFileReference; fileEncoding = 4; lastKnownFileType = sourcecode.c.objc; path = CCUploadFile.m; sourceTree = "<group>"; };
		AD335D881C23E61D00F16F24 /* JSONKit.h */ = {isa = PBXFileReference; fileEncoding = 4; lastKnownFileType = sourcecode.c.h; path = JSONKit.h; sourceTree = "<group>"; };
		AD335D891C23E61D00F16F24 /* JSONKit.m */ = {isa = PBXFileReference; fileEncoding = 4; lastKnownFileType = sourcecode.c.objc; path = JSONKit.m; sourceTree = "<group>"; };
		AD335D8A1C23E61D00F16F24 /* UIAlertView+Kirinrin.h */ = {isa = PBXFileReference; fileEncoding = 4; lastKnownFileType = sourcecode.c.h; path = "UIAlertView+Kirinrin.h"; sourceTree = "<group>"; };
		AD335D8B1C23E61D00F16F24 /* UIAlertView+Kirinrin.m */ = {isa = PBXFileReference; fileEncoding = 4; lastKnownFileType = sourcecode.c.objc; path = "UIAlertView+Kirinrin.m"; sourceTree = "<group>"; };
		AD335D8F1C23E68F00F16F24 /* NSString+Validate.h */ = {isa = PBXFileReference; fileEncoding = 4; lastKnownFileType = sourcecode.c.h; path = "NSString+Validate.h"; sourceTree = "<group>"; };
		AD335D901C23E68F00F16F24 /* NSString+Validate.m */ = {isa = PBXFileReference; fileEncoding = 4; lastKnownFileType = sourcecode.c.objc; path = "NSString+Validate.m"; sourceTree = "<group>"; };
		AD335DA41C23E9EF00F16F24 /* CCRequest.h */ = {isa = PBXFileReference; fileEncoding = 4; lastKnownFileType = sourcecode.c.h; path = CCRequest.h; sourceTree = "<group>"; };
		AD335DA51C23E9EF00F16F24 /* CCRequest.m */ = {isa = PBXFileReference; fileEncoding = 4; lastKnownFileType = sourcecode.c.objc; path = CCRequest.m; sourceTree = "<group>"; };
		AD335DA71C23EE8700F16F24 /* CCUser.h */ = {isa = PBXFileReference; fileEncoding = 4; lastKnownFileType = sourcecode.c.h; path = CCUser.h; sourceTree = "<group>"; };
		AD335DA81C23EE8700F16F24 /* CCUser.m */ = {isa = PBXFileReference; fileEncoding = 4; lastKnownFileType = sourcecode.c.objc; path = CCUser.m; sourceTree = "<group>"; };
		AD335DAA1C23EF1600F16F24 /* CCCommunity.h */ = {isa = PBXFileReference; fileEncoding = 4; lastKnownFileType = sourcecode.c.h; path = CCCommunity.h; sourceTree = "<group>"; };
		AD335DAB1C23EF1600F16F24 /* CCCommunity.m */ = {isa = PBXFileReference; fileEncoding = 4; lastKnownFileType = sourcecode.c.objc; path = CCCommunity.m; sourceTree = "<group>"; };
		AD5D42CA1C5616FD006E1181 /* SystemConfiguration.framework */ = {isa = PBXFileReference; lastKnownFileType = wrapper.framework; name = SystemConfiguration.framework; path = System/Library/Frameworks/SystemConfiguration.framework; sourceTree = SDKROOT; };
		AD5D42CC1C561709006E1181 /* CoreTelephony.framework */ = {isa = PBXFileReference; lastKnownFileType = wrapper.framework; name = CoreTelephony.framework; path = System/Library/Frameworks/CoreTelephony.framework; sourceTree = SDKROOT; };
		AD5D42CE1C561714006E1181 /* QuartzCore.framework */ = {isa = PBXFileReference; lastKnownFileType = wrapper.framework; name = QuartzCore.framework; path = System/Library/Frameworks/QuartzCore.framework; sourceTree = SDKROOT; };
		AD5D42D01C56171E006E1181 /* CoreText.framework */ = {isa = PBXFileReference; lastKnownFileType = wrapper.framework; name = CoreText.framework; path = System/Library/Frameworks/CoreText.framework; sourceTree = SDKROOT; };
		AD5D42D21C561727006E1181 /* CoreGraphics.framework */ = {isa = PBXFileReference; lastKnownFileType = wrapper.framework; name = CoreGraphics.framework; path = System/Library/Frameworks/CoreGraphics.framework; sourceTree = SDKROOT; };
		AD5D42D41C56172F006E1181 /* UIKit.framework */ = {isa = PBXFileReference; lastKnownFileType = wrapper.framework; name = UIKit.framework; path = System/Library/Frameworks/UIKit.framework; sourceTree = SDKROOT; };
		AD5D42D61C561738006E1181 /* Foundation.framework */ = {isa = PBXFileReference; lastKnownFileType = wrapper.framework; name = Foundation.framework; path = System/Library/Frameworks/Foundation.framework; sourceTree = SDKROOT; };
		AD710D691C5306F200349602 /* ScanningViewController.h */ = {isa = PBXFileReference; fileEncoding = 4; lastKnownFileType = sourcecode.c.h; path = ScanningViewController.h; sourceTree = "<group>"; };
		AD710D6A1C5306F200349602 /* ScanningViewController.m */ = {isa = PBXFileReference; fileEncoding = 4; lastKnownFileType = sourcecode.c.objc; path = ScanningViewController.m; sourceTree = "<group>"; };
		AD710D6C1C530A0D00349602 /* scanLine@2x.png */ = {isa = PBXFileReference; lastKnownFileType = image.png; path = "scanLine@2x.png"; sourceTree = "<group>"; };
		AD710D6D1C530A0D00349602 /* scanLine@3x.png */ = {isa = PBXFileReference; lastKnownFileType = image.png; path = "scanLine@3x.png"; sourceTree = "<group>"; };
		AD710D6E1C530A0D00349602 /* scanscanBg.png */ = {isa = PBXFileReference; lastKnownFileType = image.png; path = scanscanBg.png; sourceTree = "<group>"; };
		AD710D6F1C530A0D00349602 /* tip.png */ = {isa = PBXFileReference; lastKnownFileType = image.png; path = tip.png; sourceTree = "<group>"; };
		AD710D701C530A0D00349602 /* tip@2x.png */ = {isa = PBXFileReference; lastKnownFileType = image.png; path = "tip@2x.png"; sourceTree = "<group>"; };
		AD7D68391C1EB70600528861 /* 小志哥哥.app */ = {isa = PBXFileReference; explicitFileType = wrapper.application; includeInIndex = 0; path = "小志哥哥.app"; sourceTree = BUILT_PRODUCTS_DIR; };
		AD7D683D1C1EB70600528861 /* main.m */ = {isa = PBXFileReference; lastKnownFileType = sourcecode.c.objc; path = main.m; sourceTree = "<group>"; };
		AD7D683F1C1EB70600528861 /* AppDelegate.h */ = {isa = PBXFileReference; lastKnownFileType = sourcecode.c.h; path = AppDelegate.h; sourceTree = "<group>"; };
		AD7D68401C1EB70600528861 /* AppDelegate.m */ = {isa = PBXFileReference; lastKnownFileType = sourcecode.c.objc; path = AppDelegate.m; sourceTree = "<group>"; };
		AD7D68421C1EB70600528861 /* ViewController.h */ = {isa = PBXFileReference; lastKnownFileType = sourcecode.c.h; path = ViewController.h; sourceTree = "<group>"; };
		AD7D68431C1EB70600528861 /* ViewController.m */ = {isa = PBXFileReference; lastKnownFileType = sourcecode.c.objc; path = ViewController.m; sourceTree = "<group>"; };
		AD7D68461C1EB70600528861 /* Base */ = {isa = PBXFileReference; lastKnownFileType = file.storyboard; name = Base; path = Base.lproj/Main.storyboard; sourceTree = "<group>"; };
		AD7D684B1C1EB70600528861 /* Base */ = {isa = PBXFileReference; lastKnownFileType = file.storyboard; name = Base; path = Base.lproj/LaunchScreen.storyboard; sourceTree = "<group>"; };
		AD7D684D1C1EB70600528861 /* Info.plist */ = {isa = PBXFileReference; lastKnownFileType = text.plist.xml; path = Info.plist; sourceTree = "<group>"; };
		AD7D68521C1EB70700528861 /* 小志哥哥Tests.xctest */ = {isa = PBXFileReference; explicitFileType = wrapper.cfbundle; includeInIndex = 0; path = "小志哥哥Tests.xctest"; sourceTree = BUILT_PRODUCTS_DIR; };
		AD7D685D1C1EB70700528861 /* 小志哥哥UITests.xctest */ = {isa = PBXFileReference; explicitFileType = wrapper.cfbundle; includeInIndex = 0; path = "小志哥哥UITests.xctest"; sourceTree = BUILT_PRODUCTS_DIR; };
		AD7D686F1C1EB84200528861 /* MainTabViewController.h */ = {isa = PBXFileReference; fileEncoding = 4; lastKnownFileType = sourcecode.c.h; path = MainTabViewController.h; sourceTree = "<group>"; };
		AD7D68701C1EB84200528861 /* MainTabViewController.m */ = {isa = PBXFileReference; fileEncoding = 4; lastKnownFileType = sourcecode.c.objc; path = MainTabViewController.m; sourceTree = "<group>"; };
		AD7D68721C1EB94000528861 /* LYTableBar.h */ = {isa = PBXFileReference; fileEncoding = 4; lastKnownFileType = sourcecode.c.h; path = LYTableBar.h; sourceTree = "<group>"; };
		AD7D68731C1EB94000528861 /* LYTableBar.m */ = {isa = PBXFileReference; fileEncoding = 4; lastKnownFileType = sourcecode.c.objc; path = LYTableBar.m; sourceTree = "<group>"; };
		AD7D68751C1EB9F800528861 /* LYTableButton.h */ = {isa = PBXFileReference; fileEncoding = 4; lastKnownFileType = sourcecode.c.h; path = LYTableButton.h; sourceTree = "<group>"; };
		AD7D68761C1EB9F800528861 /* LYTableButton.m */ = {isa = PBXFileReference; fileEncoding = 4; lastKnownFileType = sourcecode.c.objc; path = LYTableButton.m; sourceTree = "<group>"; };
		AD7D687B1C1ED06400528861 /* MainPageVC.h */ = {isa = PBXFileReference; fileEncoding = 4; lastKnownFileType = sourcecode.c.h; path = MainPageVC.h; sourceTree = "<group>"; };
		AD7D687C1C1ED06400528861 /* MainPageVC.m */ = {isa = PBXFileReference; fileEncoding = 4; lastKnownFileType = sourcecode.c.objc; path = MainPageVC.m; sourceTree = "<group>"; };
		AD7D687E1C1ED28400528861 /* LifeVC.h */ = {isa = PBXFileReference; fileEncoding = 4; lastKnownFileType = sourcecode.c.h; path = LifeVC.h; sourceTree = "<group>"; };
		AD7D687F1C1ED28400528861 /* LifeVC.m */ = {isa = PBXFileReference; fileEncoding = 4; lastKnownFileType = sourcecode.c.objc; path = LifeVC.m; sourceTree = "<group>"; };
		AD8DCA9D1C2170E9004F5339 /* CommonDefine.h */ = {isa = PBXFileReference; fileEncoding = 4; lastKnownFileType = sourcecode.c.h; path = CommonDefine.h; sourceTree = "<group>"; };
		AD8DCA9E1C2170E9004F5339 /* LeftSlideViewController.h */ = {isa = PBXFileReference; fileEncoding = 4; lastKnownFileType = sourcecode.c.h; path = LeftSlideViewController.h; sourceTree = "<group>"; };
		AD8DCA9F1C2170E9004F5339 /* LeftSlideViewController.m */ = {isa = PBXFileReference; fileEncoding = 4; lastKnownFileType = sourcecode.c.objc; path = LeftSlideViewController.m; sourceTree = "<group>"; };
		AD8DCAA01C2170E9004F5339 /* LeftSortsViewController.h */ = {isa = PBXFileReference; fileEncoding = 4; lastKnownFileType = sourcecode.c.h; path = LeftSortsViewController.h; sourceTree = "<group>"; };
		AD8DCAA11C2170E9004F5339 /* LeftSortsViewController.m */ = {isa = PBXFileReference; fileEncoding = 4; lastKnownFileType = sourcecode.c.objc; path = LeftSortsViewController.m; sourceTree = "<group>"; };
		AD8DCAA21C2170E9004F5339 /* LoginVC.h */ = {isa = PBXFileReference; fileEncoding = 4; lastKnownFileType = sourcecode.c.h; path = LoginVC.h; sourceTree = "<group>"; };
		AD8DCAA31C2170E9004F5339 /* LoginVC.m */ = {isa = PBXFileReference; fileEncoding = 4; lastKnownFileType = sourcecode.c.objc; path = LoginVC.m; sourceTree = "<group>"; };
		AD8DCAA41C2170E9004F5339 /* PrefixHeader.pch */ = {isa = PBXFileReference; fileEncoding = 4; lastKnownFileType = sourcecode.c.h; path = PrefixHeader.pch; sourceTree = "<group>"; };
		AD8DCAA51C2170E9004F5339 /* UIView_extra.h */ = {isa = PBXFileReference; fileEncoding = 4; lastKnownFileType = sourcecode.c.h; path = UIView_extra.h; sourceTree = "<group>"; };
		AD8DCAA61C2170E9004F5339 /* UIView_extra.m */ = {isa = PBXFileReference; fileEncoding = 4; lastKnownFileType = sourcecode.c.objc; path = UIView_extra.m; sourceTree = "<group>"; };
		AD8DCAA71C2170E9004F5339 /* UIView+Frame.h */ = {isa = PBXFileReference; fileEncoding = 4; lastKnownFileType = sourcecode.c.h; path = "UIView+Frame.h"; sourceTree = "<group>"; };
		AD8DCAA81C2170E9004F5339 /* UIView+Frame.m */ = {isa = PBXFileReference; fileEncoding = 4; lastKnownFileType = sourcecode.c.objc; path = "UIView+Frame.m"; sourceTree = "<group>"; };
		AD8DCAA91C2170E9004F5339 /* UIView+JKPicker.h */ = {isa = PBXFileReference; fileEncoding = 4; lastKnownFileType = sourcecode.c.h; path = "UIView+JKPicker.h"; sourceTree = "<group>"; };
		AD8DCAAA1C2170E9004F5339 /* UIView+JKPicker.m */ = {isa = PBXFileReference; fileEncoding = 4; lastKnownFileType = sourcecode.c.objc; path = "UIView+JKPicker.m"; sourceTree = "<group>"; };
		ADAD60211C27AF1C00EA2DFC /* AFHTTPRequestOperation.h */ = {isa = PBXFileReference; fileEncoding = 4; lastKnownFileType = sourcecode.c.h; path = AFHTTPRequestOperation.h; sourceTree = "<group>"; };
		ADAD60221C27AF1C00EA2DFC /* AFHTTPRequestOperation.m */ = {isa = PBXFileReference; fileEncoding = 4; lastKnownFileType = sourcecode.c.objc; path = AFHTTPRequestOperation.m; sourceTree = "<group>"; };
		ADAD60231C27AF1C00EA2DFC /* AFHTTPRequestOperationManager.h */ = {isa = PBXFileReference; fileEncoding = 4; lastKnownFileType = sourcecode.c.h; path = AFHTTPRequestOperationManager.h; sourceTree = "<group>"; };
		ADAD60241C27AF1C00EA2DFC /* AFHTTPRequestOperationManager.m */ = {isa = PBXFileReference; fileEncoding = 4; lastKnownFileType = sourcecode.c.objc; path = AFHTTPRequestOperationManager.m; sourceTree = "<group>"; };
		ADAD60251C27AF1C00EA2DFC /* AFHTTPSessionManager.h */ = {isa = PBXFileReference; fileEncoding = 4; lastKnownFileType = sourcecode.c.h; path = AFHTTPSessionManager.h; sourceTree = "<group>"; };
		ADAD60261C27AF1C00EA2DFC /* AFHTTPSessionManager.m */ = {isa = PBXFileReference; fileEncoding = 4; lastKnownFileType = sourcecode.c.objc; path = AFHTTPSessionManager.m; sourceTree = "<group>"; };
		ADAD60271C27AF1C00EA2DFC /* AFNetworking.h */ = {isa = PBXFileReference; fileEncoding = 4; lastKnownFileType = sourcecode.c.h; path = AFNetworking.h; sourceTree = "<group>"; };
		ADAD60281C27AF1C00EA2DFC /* AFNetworkReachabilityManager.h */ = {isa = PBXFileReference; fileEncoding = 4; lastKnownFileType = sourcecode.c.h; path = AFNetworkReachabilityManager.h; sourceTree = "<group>"; };
		ADAD60291C27AF1C00EA2DFC /* AFNetworkReachabilityManager.m */ = {isa = PBXFileReference; fileEncoding = 4; lastKnownFileType = sourcecode.c.objc; path = AFNetworkReachabilityManager.m; sourceTree = "<group>"; };
		ADAD602A1C27AF1C00EA2DFC /* AFSecurityPolicy.h */ = {isa = PBXFileReference; fileEncoding = 4; lastKnownFileType = sourcecode.c.h; path = AFSecurityPolicy.h; sourceTree = "<group>"; };
		ADAD602B1C27AF1C00EA2DFC /* AFSecurityPolicy.m */ = {isa = PBXFileReference; fileEncoding = 4; lastKnownFileType = sourcecode.c.objc; path = AFSecurityPolicy.m; sourceTree = "<group>"; };
		ADAD602C1C27AF1C00EA2DFC /* AFURLConnectionOperation.h */ = {isa = PBXFileReference; fileEncoding = 4; lastKnownFileType = sourcecode.c.h; path = AFURLConnectionOperation.h; sourceTree = "<group>"; };
		ADAD602D1C27AF1C00EA2DFC /* AFURLConnectionOperation.m */ = {isa = PBXFileReference; fileEncoding = 4; lastKnownFileType = sourcecode.c.objc; path = AFURLConnectionOperation.m; sourceTree = "<group>"; };
		ADAD602E1C27AF1C00EA2DFC /* AFURLRequestSerialization.h */ = {isa = PBXFileReference; fileEncoding = 4; lastKnownFileType = sourcecode.c.h; path = AFURLRequestSerialization.h; sourceTree = "<group>"; };
		ADAD602F1C27AF1C00EA2DFC /* AFURLRequestSerialization.m */ = {isa = PBXFileReference; fileEncoding = 4; lastKnownFileType = sourcecode.c.objc; path = AFURLRequestSerialization.m; sourceTree = "<group>"; };
		ADAD60301C27AF1C00EA2DFC /* AFURLResponseSerialization.h */ = {isa = PBXFileReference; fileEncoding = 4; lastKnownFileType = sourcecode.c.h; path = AFURLResponseSerialization.h; sourceTree = "<group>"; };
		ADAD60311C27AF1C00EA2DFC /* AFURLResponseSerialization.m */ = {isa = PBXFileReference; fileEncoding = 4; lastKnownFileType = sourcecode.c.objc; path = AFURLResponseSerialization.m; sourceTree = "<group>"; };
		ADAD60321C27AF1C00EA2DFC /* AFURLSessionManager.h */ = {isa = PBXFileReference; fileEncoding = 4; lastKnownFileType = sourcecode.c.h; path = AFURLSessionManager.h; sourceTree = "<group>"; };
		ADAD60331C27AF1C00EA2DFC /* AFURLSessionManager.m */ = {isa = PBXFileReference; fileEncoding = 4; lastKnownFileType = sourcecode.c.objc; path = AFURLSessionManager.m; sourceTree = "<group>"; };
		ADAD60341C27AF1C00EA2DFC /* ChineseInclude.h */ = {isa = PBXFileReference; fileEncoding = 4; lastKnownFileType = sourcecode.c.h; path = ChineseInclude.h; sourceTree = "<group>"; };
		ADAD60351C27AF1C00EA2DFC /* ChineseInclude.m */ = {isa = PBXFileReference; fileEncoding = 4; lastKnownFileType = sourcecode.c.objc; path = ChineseInclude.m; sourceTree = "<group>"; };
		ADAD60361C27AF1C00EA2DFC /* HanyuPinyinOutputFormat.h */ = {isa = PBXFileReference; fileEncoding = 4; lastKnownFileType = sourcecode.c.h; path = HanyuPinyinOutputFormat.h; sourceTree = "<group>"; };
		ADAD60371C27AF1C00EA2DFC /* HanyuPinyinOutputFormat.m */ = {isa = PBXFileReference; fileEncoding = 4; lastKnownFileType = sourcecode.c.objc; path = HanyuPinyinOutputFormat.m; sourceTree = "<group>"; };
		ADAD60391C27AF1C00EA2DFC /* KVNProgress.h */ = {isa = PBXFileReference; fileEncoding = 4; lastKnownFileType = sourcecode.c.h; path = KVNProgress.h; sourceTree = "<group>"; };
		ADAD603A1C27AF1C00EA2DFC /* KVNProgress.m */ = {isa = PBXFileReference; fileEncoding = 4; lastKnownFileType = sourcecode.c.objc; path = KVNProgress.m; sourceTree = "<group>"; };
		ADAD603B1C27AF1C00EA2DFC /* UIImage+KVNEmpty.h */ = {isa = PBXFileReference; fileEncoding = 4; lastKnownFileType = sourcecode.c.h; path = "UIImage+KVNEmpty.h"; sourceTree = "<group>"; };
		ADAD603C1C27AF1C00EA2DFC /* UIImage+KVNEmpty.m */ = {isa = PBXFileReference; fileEncoding = 4; lastKnownFileType = sourcecode.c.objc; path = "UIImage+KVNEmpty.m"; sourceTree = "<group>"; };
		ADAD603D1C27AF1C00EA2DFC /* UIImage+KVNImageEffects.h */ = {isa = PBXFileReference; fileEncoding = 4; lastKnownFileType = sourcecode.c.h; path = "UIImage+KVNImageEffects.h"; sourceTree = "<group>"; };
		ADAD603E1C27AF1C00EA2DFC /* UIImage+KVNImageEffects.m */ = {isa = PBXFileReference; fileEncoding = 4; lastKnownFileType = sourcecode.c.objc; path = "UIImage+KVNImageEffects.m"; sourceTree = "<group>"; };
		ADAD60401C27AF1C00EA2DFC /* AFNetworkActivityIndicatorManager.h */ = {isa = PBXFileReference; fileEncoding = 4; lastKnownFileType = sourcecode.c.h; path = AFNetworkActivityIndicatorManager.h; sourceTree = "<group>"; };
		ADAD60411C27AF1C00EA2DFC /* AFNetworkActivityIndicatorManager.m */ = {isa = PBXFileReference; fileEncoding = 4; lastKnownFileType = sourcecode.c.objc; path = AFNetworkActivityIndicatorManager.m; sourceTree = "<group>"; };
		ADAD60421C27AF1C00EA2DFC /* UIActivityIndicatorView+AFNetworking.h */ = {isa = PBXFileReference; fileEncoding = 4; lastKnownFileType = sourcecode.c.h; path = "UIActivityIndicatorView+AFNetworking.h"; sourceTree = "<group>"; };
		ADAD60431C27AF1C00EA2DFC /* UIActivityIndicatorView+AFNetworking.m */ = {isa = PBXFileReference; fileEncoding = 4; lastKnownFileType = sourcecode.c.objc; path = "UIActivityIndicatorView+AFNetworking.m"; sourceTree = "<group>"; };
		ADAD60441C27AF1C00EA2DFC /* UIAlertView+AFNetworking.h */ = {isa = PBXFileReference; fileEncoding = 4; lastKnownFileType = sourcecode.c.h; path = "UIAlertView+AFNetworking.h"; sourceTree = "<group>"; };
		ADAD60451C27AF1C00EA2DFC /* UIAlertView+AFNetworking.m */ = {isa = PBXFileReference; fileEncoding = 4; lastKnownFileType = sourcecode.c.objc; path = "UIAlertView+AFNetworking.m"; sourceTree = "<group>"; };
		ADAD60461C27AF1C00EA2DFC /* UIButton+AFNetworking.h */ = {isa = PBXFileReference; fileEncoding = 4; lastKnownFileType = sourcecode.c.h; path = "UIButton+AFNetworking.h"; sourceTree = "<group>"; };
		ADAD60471C27AF1C00EA2DFC /* UIButton+AFNetworking.m */ = {isa = PBXFileReference; fileEncoding = 4; lastKnownFileType = sourcecode.c.objc; path = "UIButton+AFNetworking.m"; sourceTree = "<group>"; };
		ADAD60481C27AF1C00EA2DFC /* UIImageView+AFNetworking.h */ = {isa = PBXFileReference; fileEncoding = 4; lastKnownFileType = sourcecode.c.h; path = "UIImageView+AFNetworking.h"; sourceTree = "<group>"; };
		ADAD60491C27AF1C00EA2DFC /* UIImageView+AFNetworking.m */ = {isa = PBXFileReference; fileEncoding = 4; lastKnownFileType = sourcecode.c.objc; path = "UIImageView+AFNetworking.m"; sourceTree = "<group>"; };
		ADAD604A1C27AF1C00EA2DFC /* UIKit+AFNetworking.h */ = {isa = PBXFileReference; fileEncoding = 4; lastKnownFileType = sourcecode.c.h; path = "UIKit+AFNetworking.h"; sourceTree = "<group>"; };
		ADAD604B1C27AF1C00EA2DFC /* UIProgressView+AFNetworking.h */ = {isa = PBXFileReference; fileEncoding = 4; lastKnownFileType = sourcecode.c.h; path = "UIProgressView+AFNetworking.h"; sourceTree = "<group>"; };
		ADAD604C1C27AF1C00EA2DFC /* UIProgressView+AFNetworking.m */ = {isa = PBXFileReference; fileEncoding = 4; lastKnownFileType = sourcecode.c.objc; path = "UIProgressView+AFNetworking.m"; sourceTree = "<group>"; };
		ADAD604D1C27AF1C00EA2DFC /* UIRefreshControl+AFNetworking.h */ = {isa = PBXFileReference; fileEncoding = 4; lastKnownFileType = sourcecode.c.h; path = "UIRefreshControl+AFNetworking.h"; sourceTree = "<group>"; };
		ADAD604E1C27AF1C00EA2DFC /* UIRefreshControl+AFNetworking.m */ = {isa = PBXFileReference; fileEncoding = 4; lastKnownFileType = sourcecode.c.objc; path = "UIRefreshControl+AFNetworking.m"; sourceTree = "<group>"; };
		ADAD604F1C27AF1C00EA2DFC /* UIWebView+AFNetworking.h */ = {isa = PBXFileReference; fileEncoding = 4; lastKnownFileType = sourcecode.c.h; path = "UIWebView+AFNetworking.h"; sourceTree = "<group>"; };
		ADAD60501C27AF1C00EA2DFC /* UIWebView+AFNetworking.m */ = {isa = PBXFileReference; fileEncoding = 4; lastKnownFileType = sourcecode.c.objc; path = "UIWebView+AFNetworking.m"; sourceTree = "<group>"; };
		ADAD60671C27B0A100EA2DFC /* Images.xcassets */ = {isa = PBXFileReference; lastKnownFileType = folder.assetcatalog; path = Images.xcassets; sourceTree = "<group>"; };
/* End PBXFileReference section */

/* Begin PBXFrameworksBuildPhase section */
		AD7D68361C1EB70600528861 /* Frameworks */ = {
			isa = PBXFrameworksBuildPhase;
			buildActionMask = 2147483647;
			files = (
				AD5D42D71C561738006E1181 /* Foundation.framework in Frameworks */,
				AD5D42D51C56172F006E1181 /* UIKit.framework in Frameworks */,
				AD5D42D31C561727006E1181 /* CoreGraphics.framework in Frameworks */,
				AD5D42D11C56171E006E1181 /* CoreText.framework in Frameworks */,
				AD5D42CF1C561714006E1181 /* QuartzCore.framework in Frameworks */,
				AD5D42CD1C561709006E1181 /* CoreTelephony.framework in Frameworks */,
				AD5D42CB1C5616FD006E1181 /* SystemConfiguration.framework in Frameworks */,
				AD335D431C23E38F00F16F24 /* AVFoundation.framework in Frameworks */,
			);
			runOnlyForDeploymentPostprocessing = 0;
		};
		AD7D684F1C1EB70700528861 /* Frameworks */ = {
			isa = PBXFrameworksBuildPhase;
			buildActionMask = 2147483647;
			files = (
			);
			runOnlyForDeploymentPostprocessing = 0;
		};
		AD7D685A1C1EB70700528861 /* Frameworks */ = {
			isa = PBXFrameworksBuildPhase;
			buildActionMask = 2147483647;
			files = (
			);
			runOnlyForDeploymentPostprocessing = 0;
		};
/* End PBXFrameworksBuildPhase section */

/* Begin PBXGroup section */
		AD335D481C23E44A00F16F24 /* framework */ = {
			isa = PBXGroup;
			children = (
				AD5D42D61C561738006E1181 /* Foundation.framework */,
				AD5D42D41C56172F006E1181 /* UIKit.framework */,
				AD5D42D21C561727006E1181 /* CoreGraphics.framework */,
				AD5D42D01C56171E006E1181 /* CoreText.framework */,
				AD5D42CE1C561714006E1181 /* QuartzCore.framework */,
				AD5D42CC1C561709006E1181 /* CoreTelephony.framework */,
				AD5D42CA1C5616FD006E1181 /* SystemConfiguration.framework */,
				ADAD60201C27AF1C00EA2DFC /* AFNetworking */,
				ADAD60381C27AF1C00EA2DFC /* Categories */,
				ADAD603F1C27AF1C00EA2DFC /* UIKit+AFNetworking */,
				AD335D861C23E61D00F16F24 /* CCUploadFile.h */,
				AD335D871C23E61D00F16F24 /* CCUploadFile.m */,
				AD335D881C23E61D00F16F24 /* JSONKit.h */,
				AD335D891C23E61D00F16F24 /* JSONKit.m */,
				AD335D8A1C23E61D00F16F24 /* UIAlertView+Kirinrin.h */,
				AD335D8B1C23E61D00F16F24 /* UIAlertView+Kirinrin.m */,
				AD335D8F1C23E68F00F16F24 /* NSString+Validate.h */,
				AD335D901C23E68F00F16F24 /* NSString+Validate.m */,
				AD335DA41C23E9EF00F16F24 /* CCRequest.h */,
				AD335DA51C23E9EF00F16F24 /* CCRequest.m */,
				AD335DA71C23EE8700F16F24 /* CCUser.h */,
				AD335DA81C23EE8700F16F24 /* CCUser.m */,
				AD335DAA1C23EF1600F16F24 /* CCCommunity.h */,
				AD335DAB1C23EF1600F16F24 /* CCCommunity.m */,
				AD335D421C23E38F00F16F24 /* AVFoundation.framework */,
			);
			name = framework;
			path = "小志哥哥";
			sourceTree = "<group>";
		};
		AD5D42D81C56175C006E1181 /* 支付宝 */ = {
			isa = PBXGroup;
			children = (
			);
			name = "支付宝";
			sourceTree = "<group>";
		};
		AD710D761C530CBD00349602 /* 左侧边栏 */ = {
			isa = PBXGroup;
			children = (
				AD710D781C530D6000349602 /* 扫一扫 */,
				AD8DCA9E1C2170E9004F5339 /* LeftSlideViewController.h */,
				AD8DCA9F1C2170E9004F5339 /* LeftSlideViewController.m */,
				AD8DCAA01C2170E9004F5339 /* LeftSortsViewController.h */,
				AD8DCAA11C2170E9004F5339 /* LeftSortsViewController.m */,
			);
			name = "左侧边栏";
			sourceTree = "<group>";
		};
		AD710D771C530CEB00349602 /* Main主界面 */ = {
			isa = PBXGroup;
			children = (
				AD7D686F1C1EB84200528861 /* MainTabViewController.h */,
				AD7D68701C1EB84200528861 /* MainTabViewController.m */,
				AD7D687B1C1ED06400528861 /* MainPageVC.h */,
				AD7D687C1C1ED06400528861 /* MainPageVC.m */,
				AD7D68721C1EB94000528861 /* LYTableBar.h */,
				AD7D68731C1EB94000528861 /* LYTableBar.m */,
				AD7D68751C1EB9F800528861 /* LYTableButton.h */,
				AD7D68761C1EB9F800528861 /* LYTableButton.m */,
			);
			name = "Main主界面";
			sourceTree = "<group>";
		};
		AD710D781C530D6000349602 /* 扫一扫 */ = {
			isa = PBXGroup;
			children = (
				AD710D691C5306F200349602 /* ScanningViewController.h */,
				AD710D6A1C5306F200349602 /* ScanningViewController.m */,
			);
			name = "扫一扫";
			sourceTree = "<group>";
		};
		AD710D791C530D9A00349602 /* 工具类 */ = {
			isa = PBXGroup;
			children = (
				AD8DCA9D1C2170E9004F5339 /* CommonDefine.h */,
				AD8DCAA41C2170E9004F5339 /* PrefixHeader.pch */,
				AD8DCAA51C2170E9004F5339 /* UIView_extra.h */,
				AD8DCAA61C2170E9004F5339 /* UIView_extra.m */,
				AD8DCAA71C2170E9004F5339 /* UIView+Frame.h */,
				AD8DCAA81C2170E9004F5339 /* UIView+Frame.m */,
				AD8DCAA91C2170E9004F5339 /* UIView+JKPicker.h */,
				AD8DCAAA1C2170E9004F5339 /* UIView+JKPicker.m */,
			);
			name = "工具类";
			sourceTree = "<group>";
		};
		AD710D7A1C530DBB00349602 /* 图片 */ = {
			isa = PBXGroup;
			children = (
				AD8DCAA21C2170E9004F5339 /* LoginVC.h */,
				AD8DCAA31C2170E9004F5339 /* LoginVC.m */,
				AD710D6C1C530A0D00349602 /* scanLine@2x.png */,
				AD710D6D1C530A0D00349602 /* scanLine@3x.png */,
				AD710D6E1C530A0D00349602 /* scanscanBg.png */,
				AD710D6F1C530A0D00349602 /* tip.png */,
				AD710D701C530A0D00349602 /* tip@2x.png */,
			);
			name = "图片";
			sourceTree = "<group>";
		};
		AD710D7B1C530DDB00349602 /* 登录 */ = {
			isa = PBXGroup;
			children = (
				AD7D68421C1EB70600528861 /* ViewController.h */,
				AD7D68431C1EB70600528861 /* ViewController.m */,
			);
			name = "登录";
			sourceTree = "<group>";
		};
		AD7D68301C1EB70600528861 = {
			isa = PBXGroup;
			children = (
				AD335D481C23E44A00F16F24 /* framework */,
				AD7D683B1C1EB70600528861 /* 小志哥哥 */,
				AD7D683A1C1EB70600528861 /* Products */,
			);
			sourceTree = "<group>";
		};
		AD7D683A1C1EB70600528861 /* Products */ = {
			isa = PBXGroup;
			children = (
				AD7D68391C1EB70600528861 /* 小志哥哥.app */,
				AD7D68521C1EB70700528861 /* 小志哥哥Tests.xctest */,
				AD7D685D1C1EB70700528861 /* 小志哥哥UITests.xctest */,
			);
			name = Products;
			sourceTree = "<group>";
		};
		AD7D683B1C1EB70600528861 /* 小志哥哥 */ = {
			isa = PBXGroup;
			children = (
				AD5D42D81C56175C006E1181 /* 支付宝 */,
				AD710D7B1C530DDB00349602 /* 登录 */,
				AD710D7A1C530DBB00349602 /* 图片 */,
				AD710D791C530D9A00349602 /* 工具类 */,
				AD710D771C530CEB00349602 /* Main主界面 */,
				AD710D761C530CBD00349602 /* 左侧边栏 */,
				AD7D683F1C1EB70600528861 /* AppDelegate.h */,
				AD7D68401C1EB70600528861 /* AppDelegate.m */,
				AD7D687E1C1ED28400528861 /* LifeVC.h */,
				AD7D687F1C1ED28400528861 /* LifeVC.m */,
				AD7D68451C1EB70600528861 /* Main.storyboard */,
				AD7D684A1C1EB70600528861 /* LaunchScreen.storyboard */,
				ADAD60671C27B0A100EA2DFC /* Images.xcassets */,
				AD7D684D1C1EB70600528861 /* Info.plist */,
				AD7D683C1C1EB70600528861 /* Supporting Files */,
			);
			path = "小志哥哥";
			sourceTree = "<group>";
		};
		AD7D683C1C1EB70600528861 /* Supporting Files */ = {
			isa = PBXGroup;
			children = (
				AD7D683D1C1EB70600528861 /* main.m */,
			);
			name = "Supporting Files";
			sourceTree = "<group>";
		};
		ADAD60201C27AF1C00EA2DFC /* AFNetworking */ = {
			isa = PBXGroup;
			children = (
				ADAD60211C27AF1C00EA2DFC /* AFHTTPRequestOperation.h */,
				ADAD60221C27AF1C00EA2DFC /* AFHTTPRequestOperation.m */,
				ADAD60231C27AF1C00EA2DFC /* AFHTTPRequestOperationManager.h */,
				ADAD60241C27AF1C00EA2DFC /* AFHTTPRequestOperationManager.m */,
				ADAD60251C27AF1C00EA2DFC /* AFHTTPSessionManager.h */,
				ADAD60261C27AF1C00EA2DFC /* AFHTTPSessionManager.m */,
				ADAD60271C27AF1C00EA2DFC /* AFNetworking.h */,
				ADAD60281C27AF1C00EA2DFC /* AFNetworkReachabilityManager.h */,
				ADAD60291C27AF1C00EA2DFC /* AFNetworkReachabilityManager.m */,
				ADAD602A1C27AF1C00EA2DFC /* AFSecurityPolicy.h */,
				ADAD602B1C27AF1C00EA2DFC /* AFSecurityPolicy.m */,
				ADAD602C1C27AF1C00EA2DFC /* AFURLConnectionOperation.h */,
				ADAD602D1C27AF1C00EA2DFC /* AFURLConnectionOperation.m */,
				ADAD602E1C27AF1C00EA2DFC /* AFURLRequestSerialization.h */,
				ADAD602F1C27AF1C00EA2DFC /* AFURLRequestSerialization.m */,
				ADAD60301C27AF1C00EA2DFC /* AFURLResponseSerialization.h */,
				ADAD60311C27AF1C00EA2DFC /* AFURLResponseSerialization.m */,
				ADAD60321C27AF1C00EA2DFC /* AFURLSessionManager.h */,
				ADAD60331C27AF1C00EA2DFC /* AFURLSessionManager.m */,
				ADAD60341C27AF1C00EA2DFC /* ChineseInclude.h */,
				ADAD60351C27AF1C00EA2DFC /* ChineseInclude.m */,
				ADAD60361C27AF1C00EA2DFC /* HanyuPinyinOutputFormat.h */,
				ADAD60371C27AF1C00EA2DFC /* HanyuPinyinOutputFormat.m */,
			);
			path = AFNetworking;
			sourceTree = "<group>";
		};
		ADAD60381C27AF1C00EA2DFC /* Categories */ = {
			isa = PBXGroup;
			children = (
				ADAD60391C27AF1C00EA2DFC /* KVNProgress.h */,
				ADAD603A1C27AF1C00EA2DFC /* KVNProgress.m */,
				ADAD603B1C27AF1C00EA2DFC /* UIImage+KVNEmpty.h */,
				ADAD603C1C27AF1C00EA2DFC /* UIImage+KVNEmpty.m */,
				ADAD603D1C27AF1C00EA2DFC /* UIImage+KVNImageEffects.h */,
				ADAD603E1C27AF1C00EA2DFC /* UIImage+KVNImageEffects.m */,
			);
			path = Categories;
			sourceTree = "<group>";
		};
		ADAD603F1C27AF1C00EA2DFC /* UIKit+AFNetworking */ = {
			isa = PBXGroup;
			children = (
				ADAD60401C27AF1C00EA2DFC /* AFNetworkActivityIndicatorManager.h */,
				ADAD60411C27AF1C00EA2DFC /* AFNetworkActivityIndicatorManager.m */,
				ADAD60421C27AF1C00EA2DFC /* UIActivityIndicatorView+AFNetworking.h */,
				ADAD60431C27AF1C00EA2DFC /* UIActivityIndicatorView+AFNetworking.m */,
				ADAD60441C27AF1C00EA2DFC /* UIAlertView+AFNetworking.h */,
				ADAD60451C27AF1C00EA2DFC /* UIAlertView+AFNetworking.m */,
				ADAD60461C27AF1C00EA2DFC /* UIButton+AFNetworking.h */,
				ADAD60471C27AF1C00EA2DFC /* UIButton+AFNetworking.m */,
				ADAD60481C27AF1C00EA2DFC /* UIImageView+AFNetworking.h */,
				ADAD60491C27AF1C00EA2DFC /* UIImageView+AFNetworking.m */,
				ADAD604A1C27AF1C00EA2DFC /* UIKit+AFNetworking.h */,
				ADAD604B1C27AF1C00EA2DFC /* UIProgressView+AFNetworking.h */,
				ADAD604C1C27AF1C00EA2DFC /* UIProgressView+AFNetworking.m */,
				ADAD604D1C27AF1C00EA2DFC /* UIRefreshControl+AFNetworking.h */,
				ADAD604E1C27AF1C00EA2DFC /* UIRefreshControl+AFNetworking.m */,
				ADAD604F1C27AF1C00EA2DFC /* UIWebView+AFNetworking.h */,
				ADAD60501C27AF1C00EA2DFC /* UIWebView+AFNetworking.m */,
			);
			path = "UIKit+AFNetworking";
			sourceTree = "<group>";
		};
/* End PBXGroup section */

/* Begin PBXNativeTarget section */
		AD7D68381C1EB70600528861 /* 小志哥哥 */ = {
			isa = PBXNativeTarget;
			buildConfigurationList = AD7D68661C1EB70700528861 /* Build configuration list for PBXNativeTarget "小志哥哥" */;
			buildPhases = (
				AD7D68351C1EB70600528861 /* Sources */,
				AD7D68361C1EB70600528861 /* Frameworks */,
				AD7D68371C1EB70600528861 /* Resources */,
			);
			buildRules = (
			);
			dependencies = (
			);
			name = "小志哥哥";
			productName = "小志哥哥";
			productReference = AD7D68391C1EB70600528861 /* 小志哥哥.app */;
			productType = "com.apple.product-type.application";
		};
		AD7D68511C1EB70700528861 /* 小志哥哥Tests */ = {
			isa = PBXNativeTarget;
			buildConfigurationList = AD7D68691C1EB70700528861 /* Build configuration list for PBXNativeTarget "小志哥哥Tests" */;
			buildPhases = (
				AD7D684E1C1EB70700528861 /* Sources */,
				AD7D684F1C1EB70700528861 /* Frameworks */,
				AD7D68501C1EB70700528861 /* Resources */,
			);
			buildRules = (
			);
			dependencies = (
				AD7D68541C1EB70700528861 /* PBXTargetDependency */,
			);
			name = "小志哥哥Tests";
			productName = "小志哥哥Tests";
			productReference = AD7D68521C1EB70700528861 /* 小志哥哥Tests.xctest */;
			productType = "com.apple.product-type.bundle.unit-test";
		};
		AD7D685C1C1EB70700528861 /* 小志哥哥UITests */ = {
			isa = PBXNativeTarget;
			buildConfigurationList = AD7D686C1C1EB70700528861 /* Build configuration list for PBXNativeTarget "小志哥哥UITests" */;
			buildPhases = (
				AD7D68591C1EB70700528861 /* Sources */,
				AD7D685A1C1EB70700528861 /* Frameworks */,
				AD7D685B1C1EB70700528861 /* Resources */,
			);
			buildRules = (
			);
			dependencies = (
				AD7D685F1C1EB70700528861 /* PBXTargetDependency */,
			);
			name = "小志哥哥UITests";
			productName = "小志哥哥UITests";
			productReference = AD7D685D1C1EB70700528861 /* 小志哥哥UITests.xctest */;
			productType = "com.apple.product-type.bundle.ui-testing";
		};
/* End PBXNativeTarget section */

/* Begin PBXProject section */
		AD7D68311C1EB70600528861 /* Project object */ = {
			isa = PBXProject;
			attributes = {
				LastUpgradeCheck = 0710;
				ORGANIZATIONNAME = puji;
				TargetAttributes = {
					AD7D68381C1EB70600528861 = {
						CreatedOnToolsVersion = 7.1.1;
					};
					AD7D68511C1EB70700528861 = {
						CreatedOnToolsVersion = 7.1.1;
						TestTargetID = AD7D68381C1EB70600528861;
					};
					AD7D685C1C1EB70700528861 = {
						CreatedOnToolsVersion = 7.1.1;
						TestTargetID = AD7D68381C1EB70600528861;
					};
				};
			};
			buildConfigurationList = AD7D68341C1EB70600528861 /* Build configuration list for PBXProject "小志哥哥" */;
			compatibilityVersion = "Xcode 3.2";
			developmentRegion = English;
			hasScannedForEncodings = 0;
			knownRegions = (
				en,
				Base,
			);
			mainGroup = AD7D68301C1EB70600528861;
			productRefGroup = AD7D683A1C1EB70600528861 /* Products */;
			projectDirPath = "";
			projectRoot = "";
			targets = (
				AD7D68381C1EB70600528861 /* 小志哥哥 */,
				AD7D68511C1EB70700528861 /* 小志哥哥Tests */,
				AD7D685C1C1EB70700528861 /* 小志哥哥UITests */,
			);
		};
/* End PBXProject section */

/* Begin PBXResourcesBuildPhase section */
		AD7D68371C1EB70600528861 /* Resources */ = {
			isa = PBXResourcesBuildPhase;
			buildActionMask = 2147483647;
			files = (
				ADAD60681C27B0A100EA2DFC /* Images.xcassets in Resources */,
				AD710D721C530A0D00349602 /* scanLine@3x.png in Resources */,
				AD710D711C530A0D00349602 /* scanLine@2x.png in Resources */,
				AD7D684C1C1EB70600528861 /* LaunchScreen.storyboard in Resources */,
				AD710D751C530A0D00349602 /* tip@2x.png in Resources */,
				AD710D731C530A0D00349602 /* scanscanBg.png in Resources */,
				AD7D68471C1EB70600528861 /* Main.storyboard in Resources */,
				AD710D741C530A0D00349602 /* tip.png in Resources */,
			);
			runOnlyForDeploymentPostprocessing = 0;
		};
		AD7D68501C1EB70700528861 /* Resources */ = {
			isa = PBXResourcesBuildPhase;
			buildActionMask = 2147483647;
			files = (
			);
			runOnlyForDeploymentPostprocessing = 0;
		};
		AD7D685B1C1EB70700528861 /* Resources */ = {
			isa = PBXResourcesBuildPhase;
			buildActionMask = 2147483647;
			files = (
			);
			runOnlyForDeploymentPostprocessing = 0;
		};
/* End PBXResourcesBuildPhase section */

/* Begin PBXSourcesBuildPhase section */
		AD7D68351C1EB70600528861 /* Sources */ = {
			isa = PBXSourcesBuildPhase;
			buildActionMask = 2147483647;
			files = (
				AD335D911C23E68F00F16F24 /* NSString+Validate.m in Sources */,
				AD7D68741C1EB94000528861 /* LYTableBar.m in Sources */,
				AD8DCAB01C2170E9004F5339 /* UIView+JKPicker.m in Sources */,
				AD335D8C1C23E61D00F16F24 /* CCUploadFile.m in Sources */,
				ADAD60561C27AF1C00EA2DFC /* AFURLConnectionOperation.m in Sources */,
				AD7D68441C1EB70600528861 /* ViewController.m in Sources */,
				ADAD60661C27AF1C00EA2DFC /* UIWebView+AFNetworking.m in Sources */,
				AD7D687D1C1ED06400528861 /* MainPageVC.m in Sources */,
				AD335DA61C23E9EF00F16F24 /* CCRequest.m in Sources */,
				ADAD60651C27AF1C00EA2DFC /* UIRefreshControl+AFNetworking.m in Sources */,
				ADAD605F1C27AF1C00EA2DFC /* AFNetworkActivityIndicatorManager.m in Sources */,
				ADAD605C1C27AF1C00EA2DFC /* KVNProgress.m in Sources */,
				ADAD605E1C27AF1C00EA2DFC /* UIImage+KVNImageEffects.m in Sources */,
				ADAD60631C27AF1C00EA2DFC /* UIImageView+AFNetworking.m in Sources */,
				ADAD60621C27AF1C00EA2DFC /* UIButton+AFNetworking.m in Sources */,
				ADAD60601C27AF1C00EA2DFC /* UIActivityIndicatorView+AFNetworking.m in Sources */,
				AD7D68711C1EB84200528861 /* MainTabViewController.m in Sources */,
				AD7D68801C1ED28400528861 /* LifeVC.m in Sources */,
				ADAD605B1C27AF1C00EA2DFC /* HanyuPinyinOutputFormat.m in Sources */,
				AD8DCAAF1C2170E9004F5339 /* UIView+Frame.m in Sources */,
				ADAD60641C27AF1C00EA2DFC /* UIProgressView+AFNetworking.m in Sources */,
				ADAD60511C27AF1C00EA2DFC /* AFHTTPRequestOperation.m in Sources */,
				AD8DCAAC1C2170E9004F5339 /* LeftSortsViewController.m in Sources */,
				ADAD60541C27AF1C00EA2DFC /* AFNetworkReachabilityManager.m in Sources */,
				AD335D8E1C23E61D00F16F24 /* UIAlertView+Kirinrin.m in Sources */,
				ADAD60591C27AF1C00EA2DFC /* AFURLSessionManager.m in Sources */,
				AD335D8D1C23E61D00F16F24 /* JSONKit.m in Sources */,
				ADAD60611C27AF1C00EA2DFC /* UIAlertView+AFNetworking.m in Sources */,
				ADAD60521C27AF1C00EA2DFC /* AFHTTPRequestOperationManager.m in Sources */,
				ADAD60531C27AF1C00EA2DFC /* AFHTTPSessionManager.m in Sources */,
				ADAD605A1C27AF1C00EA2DFC /* ChineseInclude.m in Sources */,
				AD710D6B1C5306F200349602 /* ScanningViewController.m in Sources */,
				AD8DCAAD1C2170E9004F5339 /* LoginVC.m in Sources */,
				ADAD60581C27AF1C00EA2DFC /* AFURLResponseSerialization.m in Sources */,
				ADAD60571C27AF1C00EA2DFC /* AFURLRequestSerialization.m in Sources */,
				AD8DCAAB1C2170E9004F5339 /* LeftSlideViewController.m in Sources */,
				AD7D68771C1EB9F800528861 /* LYTableButton.m in Sources */,
				AD8DCAAE1C2170E9004F5339 /* UIView_extra.m in Sources */,
				AD7D68411C1EB70600528861 /* AppDelegate.m in Sources */,
				ADAD60551C27AF1C00EA2DFC /* AFSecurityPolicy.m in Sources */,
				AD7D683E1C1EB70600528861 /* main.m in Sources */,
				ADAD605D1C27AF1C00EA2DFC /* UIImage+KVNEmpty.m in Sources */,
				AD335DA91C23EE8700F16F24 /* CCUser.m in Sources */,
				AD335DAC1C23EF1600F16F24 /* CCCommunity.m in Sources */,
			);
			runOnlyForDeploymentPostprocessing = 0;
		};
		AD7D684E1C1EB70700528861 /* Sources */ = {
			isa = PBXSourcesBuildPhase;
			buildActionMask = 2147483647;
			files = (
			);
			runOnlyForDeploymentPostprocessing = 0;
		};
		AD7D68591C1EB70700528861 /* Sources */ = {
			isa = PBXSourcesBuildPhase;
			buildActionMask = 2147483647;
			files = (
			);
			runOnlyForDeploymentPostprocessing = 0;
		};
/* End PBXSourcesBuildPhase section */

/* Begin PBXTargetDependency section */
		AD7D68541C1EB70700528861 /* PBXTargetDependency */ = {
			isa = PBXTargetDependency;
			target = AD7D68381C1EB70600528861 /* 小志哥哥 */;
			targetProxy = AD7D68531C1EB70700528861 /* PBXContainerItemProxy */;
		};
		AD7D685F1C1EB70700528861 /* PBXTargetDependency */ = {
			isa = PBXTargetDependency;
			target = AD7D68381C1EB70600528861 /* 小志哥哥 */;
			targetProxy = AD7D685E1C1EB70700528861 /* PBXContainerItemProxy */;
		};
/* End PBXTargetDependency section */

/* Begin PBXVariantGroup section */
		AD7D68451C1EB70600528861 /* Main.storyboard */ = {
			isa = PBXVariantGroup;
			children = (
				AD7D68461C1EB70600528861 /* Base */,
			);
			name = Main.storyboard;
			sourceTree = "<group>";
		};
		AD7D684A1C1EB70600528861 /* LaunchScreen.storyboard */ = {
			isa = PBXVariantGroup;
			children = (
				AD7D684B1C1EB70600528861 /* Base */,
			);
			name = LaunchScreen.storyboard;
			sourceTree = "<group>";
		};
/* End PBXVariantGroup section */

/* Begin XCBuildConfiguration section */
		AD7D68641C1EB70700528861 /* Debug */ = {
			isa = XCBuildConfiguration;
			buildSettings = {
				ALWAYS_SEARCH_USER_PATHS = NO;
				CLANG_CXX_LANGUAGE_STANDARD = "gnu++0x";
				CLANG_CXX_LIBRARY = "libc++";
				CLANG_ENABLE_MODULES = YES;
				CLANG_ENABLE_OBJC_ARC = YES;
				CLANG_WARN_BOOL_CONVERSION = YES;
				CLANG_WARN_CONSTANT_CONVERSION = YES;
				CLANG_WARN_DIRECT_OBJC_ISA_USAGE = YES_ERROR;
				CLANG_WARN_EMPTY_BODY = YES;
				CLANG_WARN_ENUM_CONVERSION = YES;
				CLANG_WARN_INT_CONVERSION = YES;
				CLANG_WARN_OBJC_ROOT_CLASS = YES_ERROR;
				CLANG_WARN_UNREACHABLE_CODE = YES;
				CLANG_WARN__DUPLICATE_METHOD_MATCH = YES;
				"CODE_SIGN_IDENTITY[sdk=iphoneos*]" = "iPhone Developer";
				COPY_PHASE_STRIP = NO;
				DEBUG_INFORMATION_FORMAT = dwarf;
				ENABLE_STRICT_OBJC_MSGSEND = YES;
				ENABLE_TESTABILITY = YES;
				GCC_C_LANGUAGE_STANDARD = gnu99;
				GCC_DYNAMIC_NO_PIC = NO;
				GCC_NO_COMMON_BLOCKS = YES;
				GCC_OPTIMIZATION_LEVEL = 0;
				GCC_PREPROCESSOR_DEFINITIONS = (
					"DEBUG=1",
					"$(inherited)",
				);
				GCC_WARN_64_TO_32_BIT_CONVERSION = YES;
				GCC_WARN_ABOUT_RETURN_TYPE = YES_ERROR;
				GCC_WARN_UNDECLARED_SELECTOR = YES;
				GCC_WARN_UNINITIALIZED_AUTOS = YES_AGGRESSIVE;
				GCC_WARN_UNUSED_FUNCTION = YES;
				GCC_WARN_UNUSED_VARIABLE = YES;
				IPHONEOS_DEPLOYMENT_TARGET = 9.1;
				MTL_ENABLE_DEBUG_INFO = YES;
				ONLY_ACTIVE_ARCH = YES;
				SDKROOT = iphoneos;
			};
			name = Debug;
		};
		AD7D68651C1EB70700528861 /* Release */ = {
			isa = XCBuildConfiguration;
			buildSettings = {
				ALWAYS_SEARCH_USER_PATHS = NO;
				CLANG_CXX_LANGUAGE_STANDARD = "gnu++0x";
				CLANG_CXX_LIBRARY = "libc++";
				CLANG_ENABLE_MODULES = YES;
				CLANG_ENABLE_OBJC_ARC = YES;
				CLANG_WARN_BOOL_CONVERSION = YES;
				CLANG_WARN_CONSTANT_CONVERSION = YES;
				CLANG_WARN_DIRECT_OBJC_ISA_USAGE = YES_ERROR;
				CLANG_WARN_EMPTY_BODY = YES;
				CLANG_WARN_ENUM_CONVERSION = YES;
				CLANG_WARN_INT_CONVERSION = YES;
				CLANG_WARN_OBJC_ROOT_CLASS = YES_ERROR;
				CLANG_WARN_UNREACHABLE_CODE = YES;
				CLANG_WARN__DUPLICATE_METHOD_MATCH = YES;
				"CODE_SIGN_IDENTITY[sdk=iphoneos*]" = "iPhone Developer";
				COPY_PHASE_STRIP = NO;
				DEBUG_INFORMATION_FORMAT = "dwarf-with-dsym";
				ENABLE_NS_ASSERTIONS = NO;
				ENABLE_STRICT_OBJC_MSGSEND = YES;
				GCC_C_LANGUAGE_STANDARD = gnu99;
				GCC_NO_COMMON_BLOCKS = YES;
				GCC_WARN_64_TO_32_BIT_CONVERSION = YES;
				GCC_WARN_ABOUT_RETURN_TYPE = YES_ERROR;
				GCC_WARN_UNDECLARED_SELECTOR = YES;
				GCC_WARN_UNINITIALIZED_AUTOS = YES_AGGRESSIVE;
				GCC_WARN_UNUSED_FUNCTION = YES;
				GCC_WARN_UNUSED_VARIABLE = YES;
				IPHONEOS_DEPLOYMENT_TARGET = 9.1;
				MTL_ENABLE_DEBUG_INFO = NO;
				SDKROOT = iphoneos;
				VALIDATE_PRODUCT = YES;
			};
			name = Release;
		};
		AD7D68671C1EB70700528861 /* Debug */ = {
			isa = XCBuildConfiguration;
			buildSettings = {
				ASSETCATALOG_COMPILER_APPICON_NAME = AppIcon;
				FRAMEWORK_SEARCH_PATHS = (
					"$(inherited)",
					"$(PROJECT_DIR)/小志哥哥",
				);
				HEADER_SEARCH_PATHS = (
					"$(inherited)",
					"$(PROJECT_DIR)/小志哥哥",
				);
				INFOPLIST_FILE = "小志哥哥/Info.plist";
				LD_RUNPATH_SEARCH_PATHS = "$(inherited) @executable_path/Frameworks";
				LIBRARY_SEARCH_PATHS = (
					"$(inherited)",
					"$(PROJECT_DIR)/小志哥哥",
				);
				PRODUCT_BUNDLE_IDENTIFIER = com.puji.liuyi;
				PRODUCT_NAME = "$(TARGET_NAME)";
			};
			name = Debug;
		};
		AD7D68681C1EB70700528861 /* Release */ = {
			isa = XCBuildConfiguration;
			buildSettings = {
				ASSETCATALOG_COMPILER_APPICON_NAME = AppIcon;
				FRAMEWORK_SEARCH_PATHS = (
					"$(inherited)",
					"$(PROJECT_DIR)/小志哥哥",
				);
				HEADER_SEARCH_PATHS = (
					"$(inherited)",
					"$(PROJECT_DIR)/小志哥哥",
				);
				INFOPLIST_FILE = "小志哥哥/Info.plist";
				LD_RUNPATH_SEARCH_PATHS = "$(inherited) @executable_path/Frameworks";
				LIBRARY_SEARCH_PATHS = (
					"$(inherited)",
					"$(PROJECT_DIR)/小志哥哥",
				);
				PRODUCT_BUNDLE_IDENTIFIER = com.puji.liuyi;
				PRODUCT_NAME = "$(TARGET_NAME)";
			};
			name = Release;
		};
		AD7D686A1C1EB70700528861 /* Debug */ = {
			isa = XCBuildConfiguration;
			buildSettings = {
				BUNDLE_LOADER = "$(TEST_HOST)";
				INFOPLIST_FILE = "小志哥哥Tests/Info.plist";
				LD_RUNPATH_SEARCH_PATHS = "$(inherited) @executable_path/Frameworks @loader_path/Frameworks";
				PRODUCT_BUNDLE_IDENTIFIER = "com.puji.liuyi.----Tests";
				PRODUCT_NAME = "$(TARGET_NAME)";
				TEST_HOST = "$(BUILT_PRODUCTS_DIR)/小志哥哥.app/小志哥哥";
			};
			name = Debug;
		};
		AD7D686B1C1EB70700528861 /* Release */ = {
			isa = XCBuildConfiguration;
			buildSettings = {
				BUNDLE_LOADER = "$(TEST_HOST)";
				INFOPLIST_FILE = "小志哥哥Tests/Info.plist";
				LD_RUNPATH_SEARCH_PATHS = "$(inherited) @executable_path/Frameworks @loader_path/Frameworks";
				PRODUCT_BUNDLE_IDENTIFIER = "com.puji.liuyi.----Tests";
				PRODUCT_NAME = "$(TARGET_NAME)";
				TEST_HOST = "$(BUILT_PRODUCTS_DIR)/小志哥哥.app/小志哥哥";
			};
			name = Release;
		};
		AD7D686D1C1EB70700528861 /* Debug */ = {
			isa = XCBuildConfiguration;
			buildSettings = {
				INFOPLIST_FILE = "小志哥哥UITests/Info.plist";
				LD_RUNPATH_SEARCH_PATHS = "$(inherited) @executable_path/Frameworks @loader_path/Frameworks";
				PRODUCT_BUNDLE_IDENTIFIER = "com.puji.liuyi.----UITests";
				PRODUCT_NAME = "$(TARGET_NAME)";
				TEST_TARGET_NAME = "小志哥哥";
				USES_XCTRUNNER = YES;
			};
			name = Debug;
		};
		AD7D686E1C1EB70700528861 /* Release */ = {
			isa = XCBuildConfiguration;
			buildSettings = {
				INFOPLIST_FILE = "小志哥哥UITests/Info.plist";
				LD_RUNPATH_SEARCH_PATHS = "$(inherited) @executable_path/Frameworks @loader_path/Frameworks";
				PRODUCT_BUNDLE_IDENTIFIER = "com.puji.liuyi.----UITests";
				PRODUCT_NAME = "$(TARGET_NAME)";
				TEST_TARGET_NAME = "小志哥哥";
				USES_XCTRUNNER = YES;
			};
			name = Release;
		};
/* End XCBuildConfiguration section */

/* Begin XCConfigurationList section */
		AD7D68341C1EB70600528861 /* Build configuration list for PBXProject "小志哥哥" */ = {
			isa = XCConfigurationList;
			buildConfigurations = (
				AD7D68641C1EB70700528861 /* Debug */,
				AD7D68651C1EB70700528861 /* Release */,
			);
			defaultConfigurationIsVisible = 0;
			defaultConfigurationName = Release;
		};
		AD7D68661C1EB70700528861 /* Build configuration list for PBXNativeTarget "小志哥哥" */ = {
			isa = XCConfigurationList;
			buildConfigurations = (
				AD7D68671C1EB70700528861 /* Debug */,
				AD7D68681C1EB70700528861 /* Release */,
			);
			defaultConfigurationIsVisible = 0;
			defaultConfigurationName = Release;
		};
		AD7D68691C1EB70700528861 /* Build configuration list for PBXNativeTarget "小志哥哥Tests" */ = {
			isa = XCConfigurationList;
			buildConfigurations = (
				AD7D686A1C1EB70700528861 /* Debug */,
				AD7D686B1C1EB70700528861 /* Release */,
			);
			defaultConfigurationIsVisible = 0;
			defaultConfigurationName = Release;
		};
		AD7D686C1C1EB70700528861 /* Build configuration list for PBXNativeTarget "小志哥哥UITests" */ = {
			isa = XCConfigurationList;
			buildConfigurations = (
				AD7D686D1C1EB70700528861 /* Debug */,
				AD7D686E1C1EB70700528861 /* Release */,
			);
			defaultConfigurationIsVisible = 0;
			defaultConfigurationName = Release;
		};
/* End XCConfigurationList section */
	};
	rootObject = AD7D68311C1EB70600528861 /* Project object */;
}
